
Microsoft Visual Studio Solution File, Format Version 12.00
# Visual Studio Version 17
VisualStudioVersion = 17.2.32616.157
MinimumVisualStudioVersion = 10.0.40219.1
Project("{8BC9CEB8-8B4A-11D0-8D11-00A0C91BC942}") = "Valorant", "VALORANT.vcxproj", "{403CCF71-C4D3-4B5F-ABB1-2B3C2CCC8C45}"
EndProject
Global
	GlobalSection(SolutionConfigurationPlatforms) = preSolution
		Debug|x64 = Debug|x64
		Debug|x86 = Debug|x86
		Release|x64 = Release|x64
		Release|x86 = Release|x86
	EndGlobalSection
	GlobalSection(ProjectConfigurationPlatforms) = postSolution
		{403CCF71-C4D3-4B5F-ABB1-2B3C2CCC8C45}.Debug|x64.ActiveCfg = Debug|x64
		{403CCF71-C4D3-4B5F-ABB1-2B3C2CCC8C45}.Debug|x64.Build.0 = Debug|x64
		{403CCF71-C4D3-4B5F-ABB1-2B3C2CCC8C45}.Debug|x86.ActiveCfg = Debug|Win32
		{403CCF71-C4D3-4B5F-ABB1-2B3C2CCC8C45}.Debug|x86.Build.0 = Debug|Win32
		{403CCF71-C4D3-4B5F-ABB1-2B3C2CCC8C45}.Release|x64.ActiveCfg = Release|x64
		{403CCF71-C4D3-4B5F-ABB1-2B3C2CCC8C45}.Release|x64.Build.0 = Release|x64
		{403CCF71-C4D3-4B5F-ABB1-2B3C2CCC8C45}.Release|x86.ActiveCfg = Release|Win32
		{403CCF71-C4D3-4B5F-ABB1-2B3C2CCC8C45}.Release|x86.Build.0 = Release|Win32
	EndGlobalSection
	GlobalSection(SolutionProperties) = preSolution
		HideSolutionNode = FALSE
	EndGlobalSection
	GlobalSection(ExtensibilityGlobals) = postSolution
		SolutionGuid = {A5136B2D-81F5-4FC8-AD91-8D37E4BB0F4E}
	EndGlobalSection
EndGlobal
